github.com/google/go-cmp v0.7.0 h1:wk8382ETsv4JYUZwIsn6YpYiWiBsYLSJiTsyBybVuN8=
github.com/google/go-cmp v0.7.0/go.mod h1:pXiqmnSA92OHEEa9HXL2W4E7lf9JzCmGVUdgjX3N/iU=
go.dokimi.dev/assert v0.0.0-20260902112452-9d6eca9d7234 h1:WxuzPxjCB7k4Hw8bS8oErAgwSsh8fyPdMgT7wLzMwWU=
go.dokimi.dev/assert v0.0.0-20260902112452-9d6eca9d7234/go.mod h1:BsuINBkmhOK/EVx3iFJLyE+8JXZYzI81zhK4VF4XXjk=
pgregory.net/rapid v1.3.0 h1:vBvO0VSqti75J1jjYqpgPNBLKMd1+gxa9fYo7vk/Exc=
pgregory.net/rapid v1.3.0/go.mod h1:dPlE4OBBxgXPqkP79flB6sJL1dx5azpI7HQ9MY9Z7uk=
